
Microsoft Visual Studio Solution File, Format Version 12.00
Project("{FAE04EC0-301F-11D3-BF4B-00C04F79EFBC}") = "exercicio1", "exercicio1\exercicio1.csproj", "{C32F1E3D-2CC1-4A46-AFDB-2D31158B08D5}"
EndProject
Project("{FAE04EC0-301F-11D3-BF4B-00C04F79EFBC}") = "exercicio2", "exercicio2\exercicio2.csproj", "{897E77E7-3530-417F-B5AD-5048B0F52872}"
EndProject
Project("{FAE04EC0-301F-11D3-BF4B-00C04F79EFBC}") = "exercicio3", "exercicio3\exercicio3.csproj", "{400EEC40-B265-4E04-A41A-014B1DECC7D9}"
EndProject
Project("{FAE04EC0-301F-11D3-BF4B-00C04F79EFBC}") = "exercicio4", "exercicio4\exercicio4.csproj", "{66B0E68D-2E15-4993-BE53-79FD8A23B440}"
EndProject
Global
	GlobalSection(SolutionConfigurationPlatforms) = preSolution
		Debug|Any CPU = Debug|Any CPU
		Release|Any CPU = Release|Any CPU
	EndGlobalSection
	GlobalSection(ProjectConfigurationPlatforms) = postSolution
		{C32F1E3D-2CC1-4A46-AFDB-2D31158B08D5}.Debug|Any CPU.ActiveCfg = Debug|Any CPU
		{C32F1E3D-2CC1-4A46-AFDB-2D31158B08D5}.Debug|Any CPU.Build.0 = Debug|Any CPU
		{C32F1E3D-2CC1-4A46-AFDB-2D31158B08D5}.Release|Any CPU.ActiveCfg = Release|Any CPU
		{C32F1E3D-2CC1-4A46-AFDB-2D31158B08D5}.Release|Any CPU.Build.0 = Release|Any CPU
		{897E77E7-3530-417F-B5AD-5048B0F52872}.Debug|Any CPU.ActiveCfg = Debug|Any CPU
		{897E77E7-3530-417F-B5AD-5048B0F52872}.Debug|Any CPU.Build.0 = Debug|Any CPU
		{897E77E7-3530-417F-B5AD-5048B0F52872}.Release|Any CPU.ActiveCfg = Release|Any CPU
		{897E77E7-3530-417F-B5AD-5048B0F52872}.Release|Any CPU.Build.0 = Release|Any CPU
		{400EEC40-B265-4E04-A41A-014B1DECC7D9}.Debug|Any CPU.ActiveCfg = Debug|Any CPU
		{400EEC40-B265-4E04-A41A-014B1DECC7D9}.Debug|Any CPU.Build.0 = Debug|Any CPU
		{400EEC40-B265-4E04-A41A-014B1DECC7D9}.Release|Any CPU.ActiveCfg = Release|Any CPU
		{400EEC40-B265-4E04-A41A-014B1DECC7D9}.Release|Any CPU.Build.0 = Release|Any CPU
		{66B0E68D-2E15-4993-BE53-79FD8A23B440}.Debug|Any CPU.ActiveCfg = Debug|Any CPU
		{66B0E68D-2E15-4993-BE53-79FD8A23B440}.Debug|Any CPU.Build.0 = Debug|Any CPU
		{66B0E68D-2E15-4993-BE53-79FD8A23B440}.Release|Any CPU.ActiveCfg = Release|Any CPU
		{66B0E68D-2E15-4993-BE53-79FD8A23B440}.Release|Any CPU.Build.0 = Release|Any CPU
	EndGlobalSection
EndGlobal
